
Microsoft Visual Studio Solution File, Format Version 12.00
# Visual Studio Version 16
VisualStudioVersion = 16.0.29503.13
MinimumVisualStudioVersion = 10.0.40219.1
Project("{888888A0-9F3D-457C-B088-3A5042F75D52}") = "PredictionAPI", "PredictionAPI\PredictionAPI.pyproj", "{62B4E788-9943-429A-B036-9E38E9B5CCF8}"
EndProject
Global
	GlobalSection(SolutionConfigurationPlatforms) = preSolution
		Debug|Any CPU = Debug|Any CPU
		Release|Any CPU = Release|Any CPU
	EndGlobalSection
	GlobalSection(ProjectConfigurationPlatforms) = postSolution
		{62B4E788-9943-429A-B036-9E38E9B5CCF8}.Debug|Any CPU.ActiveCfg = Debug|Any CPU
		{62B4E788-9943-429A-B036-9E38E9B5CCF8}.Debug|Any CPU.Build.0 = Debug|Any CPU
		{62B4E788-9943-429A-B036-9E38E9B5CCF8}.Release|Any CPU.ActiveCfg = Release|Any CPU
		{62B4E788-9943-429A-B036-9E38E9B5CCF8}.Release|Any CPU.Build.0 = Release|Any CPU
	EndGlobalSection
	GlobalSection(SolutionProperties) = preSolution
		HideSolutionNode = FALSE
	EndGlobalSection
	GlobalSection(ExtensibilityGlobals) = postSolution
		SolutionGuid = {F212135A-140A-409E-BF63-E071B0C2164A}
	EndGlobalSection
EndGlobal
